
Microsoft Visual Studio Solution File, Format Version 12.00
# Visual Studio 15
VisualStudioVersion = 15.0.28307.572
MinimumVisualStudioVersion = 10.0.40219.1
Project("{FAE04EC0-301F-11D3-BF4B-00C04F79EFBC}") = "WcfServiceHost", "WcfServiceHost.csproj", "{1F708FC7-009D-45EF-BC00-EA00FDED7425}"
EndProject
Project("{FAE04EC0-301F-11D3-BF4B-00C04F79EFBC}") = "WcfServiceContract1", "WcfServiceContract1\WcfServiceContract1.csproj", "{71BDD79E-C7E9-4732-9BAB-9C131118D0B9}"
EndProject
Project("{FAE04EC0-301F-11D3-BF4B-00C04F79EFBC}") = "WcfServiceClient", "..\WcfServiceHost_2\WcfServiceClient.csproj", "{BAA543D5-EAE8-4166-A631-75120E25BE38}"
	ProjectSection(ProjectDependencies) = postProject
		{71BDD79E-C7E9-4732-9BAB-9C131118D0B9} = {71BDD79E-C7E9-4732-9BAB-9C131118D0B9}
	EndProjectSection
EndProject
Project("{FAE04EC0-301F-11D3-BF4B-00C04F79EFBC}") = "WcfServiceHost2", "WcfServiceHost2\WcfServiceHost2.csproj", "{90339401-C18A-4226-BDBC-72E543C15D76}"
	ProjectSection(ProjectDependencies) = postProject
		{71BDD79E-C7E9-4732-9BAB-9C131118D0B9} = {71BDD79E-C7E9-4732-9BAB-9C131118D0B9}
	EndProjectSection
EndProject
Global
	GlobalSection(SolutionConfigurationPlatforms) = preSolution
		Debug|Any CPU = Debug|Any CPU
		Release|Any CPU = Release|Any CPU
	EndGlobalSection
	GlobalSection(ProjectConfigurationPlatforms) = postSolution
		{1F708FC7-009D-45EF-BC00-EA00FDED7425}.Debug|Any CPU.ActiveCfg = Debug|Any CPU
		{1F708FC7-009D-45EF-BC00-EA00FDED7425}.Debug|Any CPU.Build.0 = Debug|Any CPU
		{1F708FC7-009D-45EF-BC00-EA00FDED7425}.Release|Any CPU.ActiveCfg = Release|Any CPU
		{1F708FC7-009D-45EF-BC00-EA00FDED7425}.Release|Any CPU.Build.0 = Release|Any CPU
		{71BDD79E-C7E9-4732-9BAB-9C131118D0B9}.Debug|Any CPU.ActiveCfg = Debug|Any CPU
		{71BDD79E-C7E9-4732-9BAB-9C131118D0B9}.Debug|Any CPU.Build.0 = Debug|Any CPU
		{71BDD79E-C7E9-4732-9BAB-9C131118D0B9}.Release|Any CPU.ActiveCfg = Release|Any CPU
		{71BDD79E-C7E9-4732-9BAB-9C131118D0B9}.Release|Any CPU.Build.0 = Release|Any CPU
		{BAA543D5-EAE8-4166-A631-75120E25BE38}.Debug|Any CPU.ActiveCfg = Debug|Any CPU
		{BAA543D5-EAE8-4166-A631-75120E25BE38}.Debug|Any CPU.Build.0 = Debug|Any CPU
		{BAA543D5-EAE8-4166-A631-75120E25BE38}.Release|Any CPU.ActiveCfg = Release|Any CPU
		{BAA543D5-EAE8-4166-A631-75120E25BE38}.Release|Any CPU.Build.0 = Release|Any CPU
		{90339401-C18A-4226-BDBC-72E543C15D76}.Debug|Any CPU.ActiveCfg = Debug|Any CPU
		{90339401-C18A-4226-BDBC-72E543C15D76}.Debug|Any CPU.Build.0 = Debug|Any CPU
		{90339401-C18A-4226-BDBC-72E543C15D76}.Release|Any CPU.ActiveCfg = Release|Any CPU
		{90339401-C18A-4226-BDBC-72E543C15D76}.Release|Any CPU.Build.0 = Release|Any CPU
	EndGlobalSection
	GlobalSection(SolutionProperties) = preSolution
		HideSolutionNode = FALSE
	EndGlobalSection
	GlobalSection(ExtensibilityGlobals) = postSolution
		SolutionGuid = {70AE034F-49F4-42DE-8DD4-5C307940B8E7}
	EndGlobalSection
EndGlobal
